{
  "name": "web-console",
  "version": "2.4.1",
  "lockfileVersion": 3,
  "requires": true,
  "packages": {
    "node_modules/react": {
      "version": "11.21.15",
      "resolved": "https://registry.npmjs.org/react/-/react-11.21.15.tgz",
      "integrity": "sha512-y4jvZt97iR2PkwcRTtsYIBlBnD8RXl4pfUxIhtF+ub9xV+1Ew3ku03BdBZz1I3CmAXRS0C/1UtRz62gykIaJ2g==",
      "license": "MIT"
    },
    "node_modules/react-dom": {
      "version": "7.26.1",
      "resolved": "https://registry.npmjs.org/react-dom/-/react-dom-7.26.1.tgz",
      "integrity": "sha512-UC6/6ngUUeOC/iLeI934pTK3VM2S3m7sDGDNGMVwufFNAzyCWd3dWvo2W4Q2j0xb8XBriiexQf/MQLb7J+Q4Gg==",
      "license": "MIT"
    },
    "node_modules/scheduler": {
      "version": "8.6.4",
      "resolved": "https://registry.npmjs.org/scheduler/-/scheduler-8.6.4.tgz",
      "integrity": "sha512-g1nyY/+fwtWlXgcxG6lG7z1wdyfxpFOD9R6zRdkwQiFrgWK4KwNSDP4RjpHriGCMpAxpo4SQcry/4f130k8vCw==",
      "license": "MIT"
    },
    "node_modules/loose-envify": {
      "version": "6.13.10",
      "resolved": "https://registry.npmjs.org/loose-envify/-/loose-envify-6.13.10.tgz",
      "integrity": "sha512-YrJsy/nk3+fzZuRBZRIOxW5jm3/6N7IFHg9gnRkyWRB4vvb5SvdtzWLSQ2OfDmvZuHmNGqNA+/dp9cZrxGzEGg==",
      "license": "MIT"
    },
    "node_modules/js-tokens": {
      "version": "15.19.6",
      "resolved": "https://registry.npmjs.org/js-tokens/-/js-tokens-15.19.6.tgz",
      "integrity": "sha512-umZQMOl0HB8dT5mh2xdpgRtVHuSJCCmwZzKHKHTMRh37oVJgIj9ksMa1/3wu6yQ5FlPFyezLnYKSPeLY70mCaw==",
      "license": "MIT"
    },
    "node_modules/zod": {
      "version": "14.5.6",
      "resolved": "https://registry.npmjs.org/zod/-/zod-14.5.6.tgz",
      "integrity": "sha512-+/OrkKSHSOUlrLsvilpT/1l6quZUEkKAUkuuCDc0X0NEwuYzakxUwm0iSZE/7nU96ugHVBGatA46y6PJatGe2A==",
      "license": "MIT"
    },
    "node_modules/date-fns": {
      "version": "14.15.18",
      "resolved": "https://registry.npmjs.org/date-fns/-/date-fns-14.15.18.tgz",
      "integrity": "sha512-o2MTUcCLTZ5lU7ffOk6eFJZ3S1jSgHJegTDLKoz5L1wNukpcuABuppQ5hJJdGFbJJUF/iDGyxqlPxDFTqyu0lw==",
      "license": "MIT"
    },
    "node_modules/clsx": {
      "version": "1.18.2",
      "resolved": "https://registry.npmjs.org/clsx/-/clsx-1.18.2.tgz",
      "integrity": "sha512-qGQCMKLMN9RbAY3QMVYWJ53X/c5JsmolrmXFivGoNlZaiCMAhaznEZ1NjybZ+nCLizJG1bkFYrClGedFg5NCcQ==",
      "license": "MIT"
    },
    "node_modules/tslib": {
      "version": "11.15.3",
      "resolved": "https://registry.npmjs.org/tslib/-/tslib-11.15.3.tgz",
      "integrity": "sha512-npwXyhG10pgVIw+ItEXb8rclQxKqcGcr3m3+gJUDkLfs2QkCofyD7wwTeyL00oNfcm4tlCsjN3c0i7efbychYg==",
      "license": "MIT"
    },
    "node_modules/@babel/runtime": {
      "version": "11.26.2",
      "resolved": "https://registry.npmjs.org/@babel/runtime/-/runtime-11.26.2.tgz",
      "integrity": "sha512-qqA4gxZ85DyP8rLKX3aaXSOnEhmb51+qzdUCHmWkkm68Nqa04BJl9V43BZYFov7AOgdQMeuhizA061f/hlca8Q==",
      "license": "MIT"
    },
    "node_modules/regenerator-runtime": {
      "version": "4.11.9",
      "resolved": "https://registry.npmjs.org/regenerator-runtime/-/regenerator-runtime-4.11.9.tgz",
      "integrity": "sha512-4pVKHusJiOA3+UgDouJ90NkAYL1c/Bzmob2HUD16fXbab8L1aHe/VvnEO78gA+gOjiIlEISE7HiKu1+4WIOOHA==",
      "license": "MIT"
    },
    "node_modules/nanoid": {
      "version": "2.14.16",
      "resolved": "https://registry.npmjs.org/nanoid/-/nanoid-2.14.16.tgz",
      "integrity": "sha512-dwJTU0wkiHRFSH/Zm9s+e1e8FOJcgNdaIs4dLGgs052rzQvXEoplVdHj8NSi2KCNUSAkAgM30y/zcj8G2VT+9g==",
      "license": "MIT"
    }
  }
}
